
Microsoft Visual Studio Solution File, Format Version 12.00
# Visual Studio Version 16
VisualStudioVersion = 16.0.29209.62
MinimumVisualStudioVersion = 10.0.40219.1
Project("{FAE04EC0-301F-11D3-BF4B-00C04F79EFBC}") = "AlphaFXTest", "AlphaFXTest\AlphaFXTest.csproj", "{3181AB24-6354-4DF9-ACB3-64C6B479320B}"
EndProject
Global
	GlobalSection(SolutionConfigurationPlatforms) = preSolution
		Debug|Any CPU = Debug|Any CPU
		Release|Any CPU = Release|Any CPU
	EndGlobalSection
	GlobalSection(ProjectConfigurationPlatforms) = postSolution
		{3181AB24-6354-4DF9-ACB3-64C6B479320B}.Debug|Any CPU.ActiveCfg = Debug|Any CPU
		{3181AB24-6354-4DF9-ACB3-64C6B479320B}.Debug|Any CPU.Build.0 = Debug|Any CPU
		{3181AB24-6354-4DF9-ACB3-64C6B479320B}.Release|Any CPU.ActiveCfg = Release|Any CPU
		{3181AB24-6354-4DF9-ACB3-64C6B479320B}.Release|Any CPU.Build.0 = Release|Any CPU
	EndGlobalSection
	GlobalSection(SolutionProperties) = preSolution
		HideSolutionNode = FALSE
	EndGlobalSection
	GlobalSection(ExtensibilityGlobals) = postSolution
		SolutionGuid = {BB46185F-1921-41EF-83BE-4A95C81E27D9}
	EndGlobalSection
EndGlobal
